<?xml version="1.0" encoding="utf-8"?>
<Project ToolsVersion="4.0" xmlns="http://schemas.microsoft.com/developer/msbuild/2003">
  <ItemGroup>
    <Filter Include="ソース ファイル">
      <UniqueIdentifier>{4FC737F1-C7A5-4376-A066-2A32D752A2FF}</UniqueIdentifier>
      <Extensions>cpp;c;cc;cxx;c++;cppm;ixx;def;odl;idl;hpj;bat;asm;asmx</Extensions>
    </Filter>
    <Filter Include="ヘッダー ファイル">
      <UniqueIdentifier>{93995380-89BD-4b04-88EB-625FBE52EBFB}</UniqueIdentifier>
      <Extensions>h;hh;hpp;hxx;h++;hm;inl;inc;ipp;xsd</Extensions>
    </Filter>
    <Filter Include="リソース ファイル">
      <UniqueIdentifier>{67DA6AB6-F800-4c08-8B7A-83BB121AAD01}</UniqueIdentifier>
      <Extensions>rc;ico;cur;bmp;dlg;rc2;rct;bin;rgs;gif;jpg;jpeg;jpe;resx;tiff;tif;png;wav;mfcribbon-ms</Extensions>
    </Filter>
    <Filter Include="Source">
      <UniqueIdentifier>{0272505c-829c-49b7-a21b-5d0f75162ca8}</UniqueIdentifier>
    </Filter>
    <Filter Include="Source\Objects">
      <UniqueIdentifier>{0c78f603-365d-432e-80eb-25481bf05875}</UniqueIdentifier>
    </Filter>
    <Filter Include="Source\Objects\Bullet">
      <UniqueIdentifier>{43b9a12e-4d54-4d6f-b738-fe15dcaa9747}</UniqueIdentifier>
    </Filter>
    <Filter Include="Source\Objects\Entity">
      <UniqueIdentifier>{4e668c5a-04cc-4df4-b259-118f92dc86a4}</UniqueIdentifier>
    </Filter>
    <Filter Include="Source\Objects\Entity\Enemy">
      <UniqueIdentifier>{6564d73f-6ec7-4275-b1d2-13af4e217faf}</UniqueIdentifier>
    </Filter>
    <Filter Include="Source\Objects\Entity\Player">
      <UniqueIdentifier>{824e39e3-eb51-42a6-bc6c-33c07c4be0b0}</UniqueIdentifier>
    </Filter>
    <Filter Include="Source\Scene">
      <UniqueIdentifier>{7066b019-73f9-4b3d-b60a-5af228a190a5}</UniqueIdentifier>
    </Filter>
    <Filter Include="Source\System_TD">
      <UniqueIdentifier>{da8f3e29-7c74-4a23-9201-bbe56491e613}</UniqueIdentifier>
    </Filter>
    <Filter Include="Source\System_TD\Camera">
      <UniqueIdentifier>{ccd41e2e-7bbb-4503-ab74-65cab97ca956}</UniqueIdentifier>
    </Filter>
    <Filter Include="Source\System_TD\TypeManager">
      <UniqueIdentifier>{ddb9ef8b-cea9-443f-994f-3bbdb01c9fd5}</UniqueIdentifier>
    </Filter>
    <Filter Include="Source\System_TD\Math">
      <UniqueIdentifier>{311cf529-2169-4c20-8de2-4fba8bde8609}</UniqueIdentifier>
    </Filter>
    <Filter Include="Source\Objects\Area">
      <UniqueIdentifier>{e00173b7-de6a-41a0-86bd-4a5b79404c5a}</UniqueIdentifier>
    </Filter>
    <Filter Include="Source\System_TD\Loader">
      <UniqueIdentifier>{3f038500-09b8-4ff1-bfc0-83bd48597dc1}</UniqueIdentifier>
    </Filter>
    <Filter Include="Source\System_TD\Score">
      <UniqueIdentifier>{7bac84c3-0420-4fb5-ae03-994ce02bb84f}</UniqueIdentifier>
    </Filter>
    <Filter Include="Source\Scene\Transitoin">
      <UniqueIdentifier>{d2a5b9da-db49-44c0-8b6c-402afd609008}</UniqueIdentifier>
    </Filter>
  </ItemGroup>
  <ItemGroup>
    <ClCompile Include="main.cpp">
      <Filter>ソース ファイル</Filter>
    </ClCompile>
    <ClCompile Include="Source\Scene\GameScene.cpp">
      <Filter>Source\Scene</Filter>
    </ClCompile>
    <ClCompile Include="Source\Scene\TitleScene.cpp">
      <Filter>Source\Scene</Filter>
    </ClCompile>
    <ClCompile Include="Source\Scene\ResultScene.cpp">
      <Filter>Source\Scene</Filter>
    </ClCompile>
    <ClCompile Include="Source\Objects\Entity\Player\Player.cpp">
      <Filter>Source\Objects\Entity\Player</Filter>
    </ClCompile>
    <ClCompile Include="Source\Objects\Bullet\NorthPoleBullet.cpp">
      <Filter>Source\Objects\Bullet</Filter>
    </ClCompile>
    <ClCompile Include="Source\Objects\Bullet\SouthPoleBullet.cpp">
      <Filter>Source\Objects\Bullet</Filter>
    </ClCompile>
    <ClCompile Include="Source\Objects\Bullet\BaseBullet.cpp">
      <Filter>Source\Objects\Bullet</Filter>
    </ClCompile>
    <ClCompile Include="Source\System_TD\Camera\FollowCamera.cpp">
      <Filter>Source\System_TD\Camera</Filter>
    </ClCompile>
    <ClCompile Include="Source\Objects\Entity\Enemy\Enemy.cpp">
      <Filter>Source\Objects\Entity\Enemy</Filter>
    </ClCompile>
    <ClCompile Include="Source\Objects\Entity\BaseEntity.cpp">
      <Filter>Source\Objects\Entity</Filter>
    </ClCompile>
    <ClCompile Include="Source\Objects\Entity\Enemy\EnemyManager.cpp">
      <Filter>Source\Objects\Entity\Enemy</Filter>
    </ClCompile>
    <ClCompile Include="Source\System_TD\TypeManager\TypeManager.cpp">
      <Filter>Source\System_TD\TypeManager</Filter>
    </ClCompile>
    <ClCompile Include="Source\Scene\LoadScene.cpp">
      <Filter>ソース ファイル</Filter>
    </ClCompile>
    <ClCompile Include="Source\System_TD\Math\TD_Math.cpp">
      <Filter>Source\System_TD\Math</Filter>
    </ClCompile>
    <ClCompile Include="Source\Objects\Area\Area.cpp">
      <Filter>Source\Objects\Area</Filter>
    </ClCompile>
    <ClCompile Include="Source\System_TD\Loader\EnemySpawnLoader.cpp">
      <Filter>Source\System_TD\Loader</Filter>
    </ClCompile>
    <ClCompile Include="Source\System_TD\ScoreManager\ScoreManager.cpp">
      <Filter>Source\System_TD\Score</Filter>
    </ClCompile>
    <ClCompile Include="Source\Scene\SceneTransition.cpp">
      <Filter>Source\Scene\Transitoin</Filter>
    </ClCompile>
    <ClCompile Include="Source\System_TD\ComboManager\ComboManager.cpp">
      <Filter>ソース ファイル</Filter>
    </ClCompile>
    <ClCompile Include="Source\System_TD\CountManager\CountManager.cpp">
      <Filter>ソース ファイル</Filter>
    </ClCompile>
    <ClCompile Include="Source\Objects\Entity\Enemy\TitleEnemy.cpp">
      <Filter>ソース ファイル</Filter>
    </ClCompile>
  </ItemGroup>
  <ItemGroup>
    <ClInclude Include="Source\Scene\GameScene.h">
      <Filter>Source\Scene</Filter>
    </ClInclude>
    <ClInclude Include="Source\Scene\TitleScene.h">
      <Filter>Source\Scene</Filter>
    </ClInclude>
    <ClInclude Include="Source\Scene\ResultScene.h">
      <Filter>Source\Scene</Filter>
    </ClInclude>
    <ClInclude Include="Source\Objects\Entity\Player\Player.h">
      <Filter>Source\Objects\Entity\Player</Filter>
    </ClInclude>
    <ClInclude Include="Source\Objects\Bullet\BaseBullet.h">
      <Filter>Source\Objects\Bullet</Filter>
    </ClInclude>
    <ClInclude Include="Source\Objects\Bullet\NorthPoleBullet.h">
      <Filter>Source\Objects\Bullet</Filter>
    </ClInclude>
    <ClInclude Include="Source\Objects\Bullet\SouthPoleBullet.h">
      <Filter>Source\Objects\Bullet</Filter>
    </ClInclude>
    <ClInclude Include="Source\System_TD\Camera\FollowCamera.h">
      <Filter>Source\System_TD\Camera</Filter>
    </ClInclude>
    <ClInclude Include="Source\Objects\Entity\Enemy\Enemy.h">
      <Filter>Source\Objects\Entity\Enemy</Filter>
    </ClInclude>
    <ClInclude Include="Source\Objects\Entity\BaseEntity.h">
      <Filter>Source\Objects\Entity</Filter>
    </ClInclude>
    <ClInclude Include="Source\System_TD\TypeManager\TypeManager.h">
      <Filter>Source\System_TD\TypeManager</Filter>
    </ClInclude>
    <ClInclude Include="Source\Scene\LoadScene.h">
      <Filter>ヘッダー ファイル</Filter>
    </ClInclude>
    <ClInclude Include="Source\System_TD\Math\TD_Math.h">
      <Filter>Source\System_TD\Math</Filter>
    </ClInclude>
    <ClInclude Include="Source\Objects\Area\Area.h">
      <Filter>Source\Objects\Area</Filter>
    </ClInclude>
    <ClInclude Include="Source\System_TD\Loader\EnemySpawnLoader.h">
      <Filter>Source\System_TD\Loader</Filter>
    </ClInclude>
    <ClInclude Include="Source\System_TD\ScoreManager\ScoreManager.h">
      <Filter>Source\System_TD\Score</Filter>
    </ClInclude>
    <ClInclude Include="Source\Scene\SceneTransition.h">
      <Filter>Source\Scene\Transitoin</Filter>
    </ClInclude>
    <ClInclude Include="Source\System_TD\ComboManager\ComboManager.h">
      <Filter>ヘッダー ファイル</Filter>
    </ClInclude>
    <ClInclude Include="Source\System_TD\CountManager\CountManager.h">
      <Filter>ヘッダー ファイル</Filter>
    </ClInclude>
    <ClInclude Include="Source\Objects\Entity\Enemy\EnemyManager.h">
      <Filter>Source\Objects\Entity\Enemy</Filter>
    </ClInclude>
    <ClInclude Include="Source\Objects\Entity\Player\TitlePlayer.h">
      <Filter>Source\Objects\Entity\Player</Filter>
    </ClInclude>
    <ClInclude Include="Source\Objects\Entity\Enemy\TitleEnemy.h">
      <Filter>Source\Objects\Entity\Enemy</Filter>
    </ClInclude>
  </ItemGroup>
  <ItemGroup>
    <None Include=".editorconfig" />
  </ItemGroup>
</Project>